
Microsoft Visual Studio Solution File, Format Version 12.00
# Visual Studio Version 16
VisualStudioVersion = 16.0.36422.26
MinimumVisualStudioVersion = 10.0.40219.1
Project("{8BC9CEB8-8B4A-11D0-8D11-00A0C91BC942}") = "lab_log_1_4", "lab_log_1_4\lab_log_1_4.vcxproj", "{32170978-3C52-43DC-857B-FABB7EE0B80A}"
EndProject
Global
	GlobalSection(SolutionConfigurationPlatforms) = preSolution
		Debug|x64 = Debug|x64
		Debug|x86 = Debug|x86
		Release|x64 = Release|x64
		Release|x86 = Release|x86
	EndGlobalSection
	GlobalSection(ProjectConfigurationPlatforms) = postSolution
		{32170978-3C52-43DC-857B-FABB7EE0B80A}.Debug|x64.ActiveCfg = Debug|x64
		{32170978-3C52-43DC-857B-FABB7EE0B80A}.Debug|x64.Build.0 = Debug|x64
		{32170978-3C52-43DC-857B-FABB7EE0B80A}.Debug|x86.ActiveCfg = Debug|Win32
		{32170978-3C52-43DC-857B-FABB7EE0B80A}.Debug|x86.Build.0 = Debug|Win32
		{32170978-3C52-43DC-857B-FABB7EE0B80A}.Release|x64.ActiveCfg = Release|x64
		{32170978-3C52-43DC-857B-FABB7EE0B80A}.Release|x64.Build.0 = Release|x64
		{32170978-3C52-43DC-857B-FABB7EE0B80A}.Release|x86.ActiveCfg = Release|Win32
		{32170978-3C52-43DC-857B-FABB7EE0B80A}.Release|x86.Build.0 = Release|Win32
	EndGlobalSection
	GlobalSection(SolutionProperties) = preSolution
		HideSolutionNode = FALSE
	EndGlobalSection
	GlobalSection(ExtensibilityGlobals) = postSolution
		SolutionGuid = {E8F205E8-B07E-4654-8988-4F07C7496C9E}
	EndGlobalSection
EndGlobal
